
Microsoft Visual Studio Solution File, Format Version 12.00
# Visual Studio Version 16
VisualStudioVersion = 16.0.31515.178
MinimumVisualStudioVersion = 10.0.40219.1
Project("{FAE04EC0-301F-11D3-BF4B-00C04F79EFBC}") = "DemoJenkin", "DemoJenkin\DemoJenkin.csproj", "{F5B5DF73-841B-4155-BCF5-78EEFAE106CF}"
EndProject
Global
	GlobalSection(SolutionConfigurationPlatforms) = preSolution
		Debug|Any CPU = Debug|Any CPU
		Release|Any CPU = Release|Any CPU
	EndGlobalSection
	GlobalSection(ProjectConfigurationPlatforms) = postSolution
		{F5B5DF73-841B-4155-BCF5-78EEFAE106CF}.Debug|Any CPU.ActiveCfg = Debug|Any CPU
		{F5B5DF73-841B-4155-BCF5-78EEFAE106CF}.Debug|Any CPU.Build.0 = Debug|Any CPU
		{F5B5DF73-841B-4155-BCF5-78EEFAE106CF}.Release|Any CPU.ActiveCfg = Release|Any CPU
		{F5B5DF73-841B-4155-BCF5-78EEFAE106CF}.Release|Any CPU.Build.0 = Release|Any CPU
	EndGlobalSection
	GlobalSection(SolutionProperties) = preSolution
		HideSolutionNode = FALSE
	EndGlobalSection
	GlobalSection(ExtensibilityGlobals) = postSolution
		SolutionGuid = {A1A3057F-531C-47D6-9033-E0CE00F6D0E7}
	EndGlobalSection
EndGlobal
